
Microsoft Visual Studio Solution File, Format Version 12.00
# Visual Studio Version 17
VisualStudioVersion = 17.6.33723.286
MinimumVisualStudioVersion = 10.0.40219.1
Project("{9A19103F-16F7-4668-BE54-9A1E7A4F7556}") = "projeto", "projeto.csproj", "{3C1F7D47-4A53-409E-91F5-F6F805FEDEA7}"
EndProject
Project("{9A19103F-16F7-4668-BE54-9A1E7A4F7556}") = "cep", "..\cep\cep.csproj", "{34609BB2-73CF-4D8F-8E70-55C030BD595C}"
EndProject
Global
	GlobalSection(SolutionConfigurationPlatforms) = preSolution
		Debug|Any CPU = Debug|Any CPU
		Release|Any CPU = Release|Any CPU
	EndGlobalSection
	GlobalSection(ProjectConfigurationPlatforms) = postSolution
		{3C1F7D47-4A53-409E-91F5-F6F805FEDEA7}.Debug|Any CPU.ActiveCfg = Debug|Any CPU
		{3C1F7D47-4A53-409E-91F5-F6F805FEDEA7}.Debug|Any CPU.Build.0 = Debug|Any CPU
		{3C1F7D47-4A53-409E-91F5-F6F805FEDEA7}.Release|Any CPU.ActiveCfg = Release|Any CPU
		{3C1F7D47-4A53-409E-91F5-F6F805FEDEA7}.Release|Any CPU.Build.0 = Release|Any CPU
		{34609BB2-73CF-4D8F-8E70-55C030BD595C}.Debug|Any CPU.ActiveCfg = Debug|Any CPU
		{34609BB2-73CF-4D8F-8E70-55C030BD595C}.Debug|Any CPU.Build.0 = Debug|Any CPU
		{34609BB2-73CF-4D8F-8E70-55C030BD595C}.Release|Any CPU.ActiveCfg = Release|Any CPU
		{34609BB2-73CF-4D8F-8E70-55C030BD595C}.Release|Any CPU.Build.0 = Release|Any CPU
	EndGlobalSection
	GlobalSection(SolutionProperties) = preSolution
		HideSolutionNode = FALSE
	EndGlobalSection
	GlobalSection(ExtensibilityGlobals) = postSolution
		SolutionGuid = {230F39EB-AA42-470B-BB88-503331D56B50}
	EndGlobalSection
EndGlobal
